
Microsoft Visual Studio Solution File, Format Version 12.00
# Visual Studio 15
VisualStudioVersion = 15.0.28307.1209
MinimumVisualStudioVersion = 10.0.40219.1
Project("{FAE04EC0-301F-11D3-BF4B-00C04F79EFBC}") = "Sample-Project_1", "Sample-Project_1\Sample-Project_1.csproj", "{1F819A9B-E2F1-4352-88B3-B8A4FABA7151}"
EndProject
Global
	GlobalSection(SolutionConfigurationPlatforms) = preSolution
		Debug|Any CPU = Debug|Any CPU
		Release|Any CPU = Release|Any CPU
	EndGlobalSection
	GlobalSection(ProjectConfigurationPlatforms) = postSolution
		{1F819A9B-E2F1-4352-88B3-B8A4FABA7151}.Debug|Any CPU.ActiveCfg = Debug|Any CPU
		{1F819A9B-E2F1-4352-88B3-B8A4FABA7151}.Debug|Any CPU.Build.0 = Debug|Any CPU
		{1F819A9B-E2F1-4352-88B3-B8A4FABA7151}.Release|Any CPU.ActiveCfg = Release|Any CPU
		{1F819A9B-E2F1-4352-88B3-B8A4FABA7151}.Release|Any CPU.Build.0 = Release|Any CPU
	EndGlobalSection
	GlobalSection(SolutionProperties) = preSolution
		HideSolutionNode = FALSE
	EndGlobalSection
	GlobalSection(ExtensibilityGlobals) = postSolution
		SolutionGuid = {B61A4E3A-DCF4-448F-8957-9981023190DD}
	EndGlobalSection
EndGlobal
